// !$*UTF8*$!
{
	archiveVersion = 1;
	classes = {
	};
	objectVersion = 56;
	objects = {

/* Begin PBXBuildFile section */
		EA2A37992B59DAE300186369 /* ZoomPeekApp.swift in Sources */ = {isa = PBXBuildFile; fileRef = EA2A37982B59DAE300186369 /* ZoomPeekApp.swift */; };
		EA2A379B2B59DAE300186369 /* ContentView.swift in Sources */ = {isa = PBXBuildFile; fileRef = EA2A379A2B59DAE300186369 /* ContentView.swift */; };
		EA2A379D2B59DAE600186369 /* Assets.xcassets in Resources */ = {isa = PBXBuildFile; fileRef = EA2A379C2B59DAE600186369 /* Assets.xcassets */; };
		EA2A37A02B59DAE600186369 /* Preview Assets.xcassets in Resources */ = {isa = PBXBuildFile; fileRef = EA2A379F2B59DAE600186369 /* Preview Assets.xcassets */; };
		EA2A37AC2B59E8FB00186369 /* InfoPanelView.swift in Sources */ = {isa = PBXBuildFile; fileRef = EA2A37AB2B59E8FB00186369 /* InfoPanelView.swift */; };
		EA2A37AE2B59EC5400186369 /* ControlImageView.swift in Sources */ = {isa = PBXBuildFile; fileRef = EA2A37AD2B59EC5400186369 /* ControlImageView.swift */; };
		EA2A37B12B59EF0700186369 /* Page.swift in Sources */ = {isa = PBXBuildFile; fileRef = EA2A37B02B59EF0700186369 /* Page.swift */; };
		EA2A37B42B59F2DC00186369 /* PageData.swift in Sources */ = {isa = PBXBuildFile; fileRef = EA2A37B32B59F2DC00186369 /* PageData.swift */; };
/* End PBXBuildFile section */

/* Begin PBXFileReference section */
		EA2A37952B59DAE300186369 /* ZoomPeek.app */ = {isa = PBXFileReference; explicitFileType = wrapper.application; includeInIndex = 0; path = ZoomPeek.app; sourceTree = BUILT_PRODUCTS_DIR; };
		EA2A37982B59DAE300186369 /* ZoomPeekApp.swift */ = {isa = PBXFileReference; lastKnownFileType = sourcecode.swift; path = ZoomPeekApp.swift; sourceTree = "<group>"; };
		EA2A379A2B59DAE300186369 /* ContentView.swift */ = {isa = PBXFileReference; lastKnownFileType = sourcecode.swift; path = ContentView.swift; sourceTree = "<group>"; };
		EA2A379C2B59DAE600186369 /* Assets.xcassets */ = {isa = PBXFileReference; lastKnownFileType = folder.assetcatalog; path = Assets.xcassets; sourceTree = "<group>"; };
		EA2A379F2B59DAE600186369 /* Preview Assets.xcassets */ = {isa = PBXFileReference; lastKnownFileType = folder.assetcatalog; path = "Preview Assets.xcassets"; sourceTree = "<group>"; };
		EA2A37AB2B59E8FB00186369 /* InfoPanelView.swift */ = {isa = PBXFileReference; lastKnownFileType = sourcecode.swift; path = InfoPanelView.swift; sourceTree = "<group>"; };
		EA2A37AD2B59EC5400186369 /* ControlImageView.swift */ = {isa = PBXFileReference; lastKnownFileType = sourcecode.swift; path = ControlImageView.swift; sourceTree = "<group>"; };
		EA2A37B02B59EF0700186369 /* Page.swift */ = {isa = PBXFileReference; lastKnownFileType = sourcecode.swift; path = Page.swift; sourceTree = "<group>"; };
		EA2A37B32B59F2DC00186369 /* PageData.swift */ = {isa = PBXFileReference; lastKnownFileType = sourcecode.swift; path = PageData.swift; sourceTree = "<group>"; };
/* End PBXFileReference section */

/* Begin PBXFrameworksBuildPhase section */
		EA2A37922B59DAE300186369 /* Frameworks */ = {
			isa = PBXFrameworksBuildPhase;
			buildActionMask = 2147483647;
			files = (
			);
			runOnlyForDeploymentPostprocessing = 0;
		};
/* End PBXFrameworksBuildPhase section */

/* Begin PBXGroup section */
		EA2A378C2B59DAE300186369 = {
			isa = PBXGroup;
			children = (
				EA2A37972B59DAE300186369 /* ZoomPeek */,
				EA2A37962B59DAE300186369 /* Products */,
			);
			sourceTree = "<group>";
		};
		EA2A37962B59DAE300186369 /* Products */ = {
			isa = PBXGroup;
			children = (
				EA2A37952B59DAE300186369 /* ZoomPeek.app */,
			);
			name = Products;
			sourceTree = "<group>";
		};
		EA2A37972B59DAE300186369 /* ZoomPeek */ = {
			isa = PBXGroup;
			children = (
				EA2A37A72B59DCEF00186369 /* Core */,
				EA2A37A62B59DCE800186369 /* App */,
				EA2A379C2B59DAE600186369 /* Assets.xcassets */,
				EA2A379E2B59DAE600186369 /* Preview Content */,
			);
			path = ZoomPeek;
			sourceTree = "<group>";
		};
		EA2A379E2B59DAE600186369 /* Preview Content */ = {
			isa = PBXGroup;
			children = (
				EA2A379F2B59DAE600186369 /* Preview Assets.xcassets */,
			);
			path = "Preview Content";
			sourceTree = "<group>";
		};
		EA2A37A62B59DCE800186369 /* App */ = {
			isa = PBXGroup;
			children = (
				EA2A37982B59DAE300186369 /* ZoomPeekApp.swift */,
			);
			path = App;
			sourceTree = "<group>";
		};
		EA2A37A72B59DCEF00186369 /* Core */ = {
			isa = PBXGroup;
			children = (
				EA2A37B22B59F2D200186369 /* Data */,
				EA2A37AF2B59EEFD00186369 /* Model */,
				EA2A37A82B59DCF900186369 /* Viws */,
			);
			path = Core;
			sourceTree = "<group>";
		};
		EA2A37A82B59DCF900186369 /* Viws */ = {
			isa = PBXGroup;
			children = (
				EA2A37AD2B59EC5400186369 /* ControlImageView.swift */,
				EA2A37AB2B59E8FB00186369 /* InfoPanelView.swift */,
				EA2A379A2B59DAE300186369 /* ContentView.swift */,
			);
			path = Viws;
			sourceTree = "<group>";
		};
		EA2A37AF2B59EEFD00186369 /* Model */ = {
			isa = PBXGroup;
			children = (
				EA2A37B02B59EF0700186369 /* Page.swift */,
			);
			path = Model;
			sourceTree = "<group>";
		};
		EA2A37B22B59F2D200186369 /* Data */ = {
			isa = PBXGroup;
			children = (
				EA2A37B32B59F2DC00186369 /* PageData.swift */,
			);
			path = Data;
			sourceTree = "<group>";
		};
/* End PBXGroup section */

/* Begin PBXNativeTarget section */
		EA2A37942B59DAE300186369 /* ZoomPeek */ = {
			isa = PBXNativeTarget;
			buildConfigurationList = EA2A37A32B59DAE600186369 /* Build configuration list for PBXNativeTarget "ZoomPeek" */;
			buildPhases = (
				EA2A37912B59DAE300186369 /* Sources */,
				EA2A37922B59DAE300186369 /* Frameworks */,
				EA2A37932B59DAE300186369 /* Resources */,
			);
			buildRules = (
			);
			dependencies = (
			);
			name = ZoomPeek;
			productName = ZoomPeek;
			productReference = EA2A37952B59DAE300186369 /* ZoomPeek.app */;
			productType = "com.apple.product-type.application";
		};
/* End PBXNativeTarget section */

/* Begin PBXProject section */
		EA2A378D2B59DAE300186369 /* Project object */ = {
			isa = PBXProject;
			attributes = {
				BuildIndependentTargetsInParallel = 1;
				LastSwiftUpdateCheck = 1520;
				LastUpgradeCheck = 1520;
				TargetAttributes = {
					EA2A37942B59DAE300186369 = {
						CreatedOnToolsVersion = 15.2;
					};
				};
			};
			buildConfigurationList = EA2A37902B59DAE300186369 /* Build configuration list for PBXProject "ZoomPeek" */;
			compatibilityVersion = "Xcode 14.0";
			developmentRegion = en;
			hasScannedForEncodings = 0;
			knownRegions = (
				en,
				Base,
			);
			mainGroup = EA2A378C2B59DAE300186369;
			productRefGroup = EA2A37962B59DAE300186369 /* Products */;
			projectDirPath = "";
			projectRoot = "";
			targets = (
				EA2A37942B59DAE300186369 /* ZoomPeek */,
			);
		};
/* End PBXProject section */

/* Begin PBXResourcesBuildPhase section */
		EA2A37932B59DAE300186369 /* Resources */ = {
			isa = PBXResourcesBuildPhase;
			buildActionMask = 2147483647;
			files = (
				EA2A37A02B59DAE600186369 /* Preview Assets.xcassets in Resources */,
				EA2A379D2B59DAE600186369 /* Assets.xcassets in Resources */,
			);
			runOnlyForDeploymentPostprocessing = 0;
		};
/* End PBXResourcesBuildPhase section */

/* Begin PBXSourcesBuildPhase section */
		EA2A37912B59DAE300186369 /* Sources */ = {
			isa = PBXSourcesBuildPhase;
			buildActionMask = 2147483647;
			files = (
				EA2A37B12B59EF0700186369 /* Page.swift in Sources */,
				EA2A37AE2B59EC5400186369 /* ControlImageView.swift in Sources */,
				EA2A379B2B59DAE300186369 /* ContentView.swift in Sources */,
				EA2A37992B59DAE300186369 /* ZoomPeekApp.swift in Sources */,
				EA2A37B42B59F2DC00186369 /* PageData.swift in Sources */,
				EA2A37AC2B59E8FB00186369 /* InfoPanelView.swift in Sources */,
			);
			runOnlyForDeploymentPostprocessing = 0;
		};
/* End PBXSourcesBuildPhase section */

/* Begin XCBuildConfiguration section */
		EA2A37A12B59DAE600186369 /* Debug */ = {
			isa = XCBuildConfiguration;
			buildSettings = {
				ALWAYS_SEARCH_USER_PATHS = NO;
				ASSETCATALOG_COMPILER_GENERATE_SWIFT_ASSET_SYMBOL_EXTENSIONS = YES;
				CLANG_ANALYZER_NONNULL = YES;
				CLANG_ANALYZER_NUMBER_OBJECT_CONVERSION = YES_AGGRESSIVE;
				CLANG_CXX_LANGUAGE_STANDARD = "gnu++20";
				CLANG_ENABLE_MODULES = YES;
				CLANG_ENABLE_OBJC_ARC = YES;
				CLANG_ENABLE_OBJC_WEAK = YES;
				CLANG_WARN_BLOCK_CAPTURE_AUTORELEASING = YES;
				CLANG_WARN_BOOL_CONVERSION = YES;
				CLANG_WARN_COMMA = YES;
				CLANG_WARN_CONSTANT_CONVERSION = YES;
				CLANG_WARN_DEPRECATED_OBJC_IMPLEMENTATIONS = YES;
				CLANG_WARN_DIRECT_OBJC_ISA_USAGE = YES_ERROR;
				CLANG_WARN_DOCUMENTATION_COMMENTS = YES;
				CLANG_WARN_EMPTY_BODY = YES;
				CLANG_WARN_ENUM_CONVERSION = YES;
				CLANG_WARN_INFINITE_RECURSION = YES;
				CLANG_WARN_INT_CONVERSION = YES;
				CLANG_WARN_NON_LITERAL_NULL_CONVERSION = YES;
				CLANG_WARN_OBJC_IMPLICIT_RETAIN_SELF = YES;
				CLANG_WARN_OBJC_LITERAL_CONVERSION = YES;
				CLANG_WARN_OBJC_ROOT_CLASS = YES_ERROR;
				CLANG_WARN_QUOTED_INCLUDE_IN_FRAMEWORK_HEADER = YES;
				CLANG_WARN_RANGE_LOOP_ANALYSIS = YES;
				CLANG_WARN_STRICT_PROTOTYPES = YES;
				CLANG_WARN_SUSPICIOUS_MOVE = YES;
				CLANG_WARN_UNGUARDED_AVAILABILITY = YES_AGGRESSIVE;
				CLANG_WARN_UNREACHABLE_CODE = YES;
				CLANG_WARN__DUPLICATE_METHOD_MATCH = YES;
				COPY_PHASE_STRIP = NO;
				DEBUG_INFORMATION_FORMAT = dwarf;
				ENABLE_STRICT_OBJC_MSGSEND = YES;
				ENABLE_TESTABILITY = YES;
				ENABLE_USER_SCRIPT_SANDBOXING = YES;
				GCC_C_LANGUAGE_STANDARD = gnu17;
				GCC_DYNAMIC_NO_PIC = NO;
				GCC_NO_COMMON_BLOCKS = YES;
				GCC_OPTIMIZATION_LEVEL = 0;
				GCC_PREPROCESSOR_DEFINITIONS = (
					"DEBUG=1",
					"$(inherited)",
				);
				GCC_WARN_64_TO_32_BIT_CONVERSION = YES;
				GCC_WARN_ABOUT_RETURN_TYPE = YES_ERROR;
				GCC_WARN_UNDECLARED_SELECTOR = YES;
				GCC_WARN_UNINITIALIZED_AUTOS = YES_AGGRESSIVE;
				GCC_WARN_UNUSED_FUNCTION = YES;
				GCC_WARN_UNUSED_VARIABLE = YES;
				IPHONEOS_DEPLOYMENT_TARGET = 17.2;
				LOCALIZATION_PREFERS_STRING_CATALOGS = YES;
				MTL_ENABLE_DEBUG_INFO = INCLUDE_SOURCE;
				MTL_FAST_MATH = YES;
				ONLY_ACTIVE_ARCH = YES;
				SDKROOT = iphoneos;
				SWIFT_ACTIVE_COMPILATION_CONDITIONS = "DEBUG $(inherited)";
				SWIFT_OPTIMIZATION_LEVEL = "-Onone";
			};
			name = Debug;
		};
		EA2A37A22B59DAE600186369 /* Release */ = {
			isa = XCBuildConfiguration;
			buildSettings = {
				ALWAYS_SEARCH_USER_PATHS = NO;
				ASSETCATALOG_COMPILER_GENERATE_SWIFT_ASSET_SYMBOL_EXTENSIONS = YES;
				CLANG_ANALYZER_NONNULL = YES;
				CLANG_ANALYZER_NUMBER_OBJECT_CONVERSION = YES_AGGRESSIVE;
				CLANG_CXX_LANGUAGE_STANDARD = "gnu++20";
				CLANG_ENABLE_MODULES = YES;
				CLANG_ENABLE_OBJC_ARC = YES;
				CLANG_ENABLE_OBJC_WEAK = YES;
				CLANG_WARN_BLOCK_CAPTURE_AUTORELEASING = YES;
				CLANG_WARN_BOOL_CONVERSION = YES;
				CLANG_WARN_COMMA = YES;
				CLANG_WARN_CONSTANT_CONVERSION = YES;
				CLANG_WARN_DEPRECATED_OBJC_IMPLEMENTATIONS = YES;
				CLANG_WARN_DIRECT_OBJC_ISA_USAGE = YES_ERROR;
				CLANG_WARN_DOCUMENTATION_COMMENTS = YES;
				CLANG_WARN_EMPTY_BODY = YES;
				CLANG_WARN_ENUM_CONVERSION = YES;
				CLANG_WARN_INFINITE_RECURSION = YES;
				CLANG_WARN_INT_CONVERSION = YES;
				CLANG_WARN_NON_LITERAL_NULL_CONVERSION = YES;
				CLANG_WARN_OBJC_IMPLICIT_RETAIN_SELF = YES;
				CLANG_WARN_OBJC_LITERAL_CONVERSION = YES;
				CLANG_WARN_OBJC_ROOT_CLASS = YES_ERROR;
				CLANG_WARN_QUOTED_INCLUDE_IN_FRAMEWORK_HEADER = YES;
				CLANG_WARN_RANGE_LOOP_ANALYSIS = YES;
				CLANG_WARN_STRICT_PROTOTYPES = YES;
				CLANG_WARN_SUSPICIOUS_MOVE = YES;
				CLANG_WARN_UNGUARDED_AVAILABILITY = YES_AGGRESSIVE;
				CLANG_WARN_UNREACHABLE_CODE = YES;
				CLANG_WARN__DUPLICATE_METHOD_MATCH = YES;
				COPY_PHASE_STRIP = NO;
				DEBUG_INFORMATION_FORMAT = "dwarf-with-dsym";
				ENABLE_NS_ASSERTIONS = NO;
				ENABLE_STRICT_OBJC_MSGSEND = YES;
				ENABLE_USER_SCRIPT_SANDBOXING = YES;
				GCC_C_LANGUAGE_STANDARD = gnu17;
				GCC_NO_COMMON_BLOCKS = YES;
				GCC_WARN_64_TO_32_BIT_CONVERSION = YES;
				GCC_WARN_ABOUT_RETURN_TYPE = YES_ERROR;
				GCC_WARN_UNDECLARED_SELECTOR = YES;
				GCC_WARN_UNINITIALIZED_AUTOS = YES_AGGRESSIVE;
				GCC_WARN_UNUSED_FUNCTION = YES;
				GCC_WARN_UNUSED_VARIABLE = YES;
				IPHONEOS_DEPLOYMENT_TARGET = 17.2;
				LOCALIZATION_PREFERS_STRING_CATALOGS = YES;
				MTL_ENABLE_DEBUG_INFO = NO;
				MTL_FAST_MATH = YES;
				SDKROOT = iphoneos;
				SWIFT_COMPILATION_MODE = wholemodule;
				VALIDATE_PRODUCT = YES;
			};
			name = Release;
		};
		EA2A37A42B59DAE600186369 /* Debug */ = {
			isa = XCBuildConfiguration;
			buildSettings = {
				ASSETCATALOG_COMPILER_APPICON_NAME = AppIcon;
				ASSETCATALOG_COMPILER_GLOBAL_ACCENT_COLOR_NAME = AccentColor;
				CODE_SIGN_STYLE = Automatic;
				CURRENT_PROJECT_VERSION = 1;
				DEVELOPMENT_ASSET_PATHS = "\"ZoomPeek/Preview Content\"";
				DEVELOPMENT_TEAM = M9D8VP885Y;
				ENABLE_PREVIEWS = YES;
				GENERATE_INFOPLIST_FILE = YES;
				INFOPLIST_KEY_UIApplicationSceneManifest_Generation = YES;
				INFOPLIST_KEY_UIApplicationSupportsIndirectInputEvents = YES;
				INFOPLIST_KEY_UILaunchScreen_Generation = YES;
				INFOPLIST_KEY_UISupportedInterfaceOrientations = UIInterfaceOrientationPortrait;
				LD_RUNPATH_SEARCH_PATHS = (
					"$(inherited)",
					"@executable_path/Frameworks",
				);
				MARKETING_VERSION = 1.0;
				PRODUCT_BUNDLE_IDENTIFIER = com.MagdalenaS.ZoomPeek;
				PRODUCT_NAME = "$(TARGET_NAME)";
				SWIFT_EMIT_LOC_STRINGS = YES;
				SWIFT_VERSION = 5.0;
				TARGETED_DEVICE_FAMILY = "1,2";
			};
			name = Debug;
		};
		EA2A37A52B59DAE600186369 /* Release */ = {
			isa = XCBuildConfiguration;
			buildSettings = {
				ASSETCATALOG_COMPILER_APPICON_NAME = AppIcon;
				ASSETCATALOG_COMPILER_GLOBAL_ACCENT_COLOR_NAME = AccentColor;
				CODE_SIGN_STYLE = Automatic;
				CURRENT_PROJECT_VERSION = 1;
				DEVELOPMENT_ASSET_PATHS = "\"ZoomPeek/Preview Content\"";
				DEVELOPMENT_TEAM = M9D8VP885Y;
				ENABLE_PREVIEWS = YES;
				GENERATE_INFOPLIST_FILE = YES;
				INFOPLIST_KEY_UIApplicationSceneManifest_Generation = YES;
				INFOPLIST_KEY_UIApplicationSupportsIndirectInputEvents = YES;
				INFOPLIST_KEY_UILaunchScreen_Generation = YES;
				INFOPLIST_KEY_UISupportedInterfaceOrientations = UIInterfaceOrientationPortrait;
				LD_RUNPATH_SEARCH_PATHS = (
					"$(inherited)",
					"@executable_path/Frameworks",
				);
				MARKETING_VERSION = 1.0;
				PRODUCT_BUNDLE_IDENTIFIER = com.MagdalenaS.ZoomPeek;
				PRODUCT_NAME = "$(TARGET_NAME)";
				SWIFT_EMIT_LOC_STRINGS = YES;
				SWIFT_VERSION = 5.0;
				TARGETED_DEVICE_FAMILY = "1,2";
			};
			name = Release;
		};
/* End XCBuildConfiguration section */

/* Begin XCConfigurationList section */
		EA2A37902B59DAE300186369 /* Build configuration list for PBXProject "ZoomPeek" */ = {
			isa = XCConfigurationList;
			buildConfigurations = (
				EA2A37A12B59DAE600186369 /* Debug */,
				EA2A37A22B59DAE600186369 /* Release */,
			);
			defaultConfigurationIsVisible = 0;
			defaultConfigurationName = Release;
		};
		EA2A37A32B59DAE600186369 /* Build configuration list for PBXNativeTarget "ZoomPeek" */ = {
			isa = XCConfigurationList;
			buildConfigurations = (
				EA2A37A42B59DAE600186369 /* Debug */,
				EA2A37A52B59DAE600186369 /* Release */,
			);
			defaultConfigurationIsVisible = 0;
			defaultConfigurationName = Release;
		};
/* End XCConfigurationList section */
	};
	rootObject = EA2A378D2B59DAE300186369 /* Project object */;
}
